
Microsoft Visual Studio Solution File, Format Version 12.00
# Visual Studio 2013
VisualStudioVersion = 12.0.31101.0
MinimumVisualStudioVersion = 10.0.40219.1
Project("{FAE04EC0-301F-11D3-BF4B-00C04F79EFBC}") = "TestNetwork.Network", "TestNetwork.Network\TestNetwork.Network.csproj", "{ACE035AE-E129-43CA-86CE-EB0F68D1C282}"
EndProject
Project("{FAE04EC0-301F-11D3-BF4B-00C04F79EFBC}") = "LessGravity.Common", "LessGravity.Common\LessGravity.Common.csproj", "{48DF960B-85AB-4EB7-8BE3-D5A31CDC016B}"
EndProject
Project("{FAE04EC0-301F-11D3-BF4B-00C04F79EFBC}") = "TestNetwork.Network.Client", "TestNetwork.Network.Client\TestNetwork.Network.Client.csproj", "{3FD5D99C-0A19-421F-8DA9-237CC8F7CE61}"
EndProject
Project("{2150E333-8FDC-42A3-9474-1A3956D46DE8}") = "Solution Items", "Solution Items", "{1C6309FB-413C-4E44-B4BF-D4CBD2F00973}"
	ProjectSection(SolutionItems) = preProject
		ReadMe.md = ReadMe.md
	EndProjectSection
EndProject
Global
	GlobalSection(SolutionConfigurationPlatforms) = preSolution
		Debug|Any CPU = Debug|Any CPU
		Release|Any CPU = Release|Any CPU
	EndGlobalSection
	GlobalSection(ProjectConfigurationPlatforms) = postSolution
		{ACE035AE-E129-43CA-86CE-EB0F68D1C282}.Debug|Any CPU.ActiveCfg = Debug|Any CPU
		{ACE035AE-E129-43CA-86CE-EB0F68D1C282}.Debug|Any CPU.Build.0 = Debug|Any CPU
		{ACE035AE-E129-43CA-86CE-EB0F68D1C282}.Release|Any CPU.ActiveCfg = Release|Any CPU
		{ACE035AE-E129-43CA-86CE-EB0F68D1C282}.Release|Any CPU.Build.0 = Release|Any CPU
		{48DF960B-85AB-4EB7-8BE3-D5A31CDC016B}.Debug|Any CPU.ActiveCfg = Debug|Any CPU
		{48DF960B-85AB-4EB7-8BE3-D5A31CDC016B}.Debug|Any CPU.Build.0 = Debug|Any CPU
		{48DF960B-85AB-4EB7-8BE3-D5A31CDC016B}.Release|Any CPU.ActiveCfg = Release|Any CPU
		{48DF960B-85AB-4EB7-8BE3-D5A31CDC016B}.Release|Any CPU.Build.0 = Release|Any CPU
		{3FD5D99C-0A19-421F-8DA9-237CC8F7CE61}.Debug|Any CPU.ActiveCfg = Debug|Any CPU
		{3FD5D99C-0A19-421F-8DA9-237CC8F7CE61}.Debug|Any CPU.Build.0 = Debug|Any CPU
		{3FD5D99C-0A19-421F-8DA9-237CC8F7CE61}.Release|Any CPU.ActiveCfg = Release|Any CPU
		{3FD5D99C-0A19-421F-8DA9-237CC8F7CE61}.Release|Any CPU.Build.0 = Release|Any CPU
	EndGlobalSection
	GlobalSection(SolutionProperties) = preSolution
		HideSolutionNode = FALSE
	EndGlobalSection
EndGlobal
